
Microsoft Visual Studio Solution File, Format Version 12.00
Project("{FAE04EC0-301F-11D3-BF4B-00C04F79EFBC}") = "FirstTask", "FirstTask\FirstTask.csproj", "{ED449CF7-61D7-465F-B8C6-2C0FD2DE12E2}"
EndProject
Project("{FAE04EC0-301F-11D3-BF4B-00C04F79EFBC}") = "SecondTask", "SecondTask\SecondTask.csproj", "{1823822D-54D0-48B4-B1EA-646302A9ECD3}"
EndProject
Global
	GlobalSection(SolutionConfigurationPlatforms) = preSolution
		Debug|Any CPU = Debug|Any CPU
		Release|Any CPU = Release|Any CPU
	EndGlobalSection
	GlobalSection(ProjectConfigurationPlatforms) = postSolution
		{ED449CF7-61D7-465F-B8C6-2C0FD2DE12E2}.Debug|Any CPU.ActiveCfg = Debug|Any CPU
		{ED449CF7-61D7-465F-B8C6-2C0FD2DE12E2}.Debug|Any CPU.Build.0 = Debug|Any CPU
		{ED449CF7-61D7-465F-B8C6-2C0FD2DE12E2}.Release|Any CPU.ActiveCfg = Release|Any CPU
		{ED449CF7-61D7-465F-B8C6-2C0FD2DE12E2}.Release|Any CPU.Build.0 = Release|Any CPU
		{1823822D-54D0-48B4-B1EA-646302A9ECD3}.Debug|Any CPU.ActiveCfg = Debug|Any CPU
		{1823822D-54D0-48B4-B1EA-646302A9ECD3}.Debug|Any CPU.Build.0 = Debug|Any CPU
		{1823822D-54D0-48B4-B1EA-646302A9ECD3}.Release|Any CPU.ActiveCfg = Release|Any CPU
		{1823822D-54D0-48B4-B1EA-646302A9ECD3}.Release|Any CPU.Build.0 = Release|Any CPU
	EndGlobalSection
EndGlobal
