
Microsoft Visual Studio Solution File, Format Version 12.00
Project("{FAE04EC0-301F-11D3-BF4B-00C04F79EFBC}") = "classLibrary", "classLibrary\classLibrary.csproj", "{45C9F84A-968A-4766-80BD-B1305B271F7A}"
EndProject
Project("{FAE04EC0-301F-11D3-BF4B-00C04F79EFBC}") = "MainApp", "MainApp\MainApp.csproj", "{B2E8B8BB-2447-47D0-AEFE-1BBDCCA56DFA}"
EndProject
Global
	GlobalSection(SolutionConfigurationPlatforms) = preSolution
		Debug|Any CPU = Debug|Any CPU
		Release|Any CPU = Release|Any CPU
	EndGlobalSection
	GlobalSection(ProjectConfigurationPlatforms) = postSolution
		{45C9F84A-968A-4766-80BD-B1305B271F7A}.Debug|Any CPU.ActiveCfg = Debug|Any CPU
		{45C9F84A-968A-4766-80BD-B1305B271F7A}.Debug|Any CPU.Build.0 = Debug|Any CPU
		{45C9F84A-968A-4766-80BD-B1305B271F7A}.Release|Any CPU.ActiveCfg = Release|Any CPU
		{45C9F84A-968A-4766-80BD-B1305B271F7A}.Release|Any CPU.Build.0 = Release|Any CPU
		{B2E8B8BB-2447-47D0-AEFE-1BBDCCA56DFA}.Debug|Any CPU.ActiveCfg = Debug|Any CPU
		{B2E8B8BB-2447-47D0-AEFE-1BBDCCA56DFA}.Debug|Any CPU.Build.0 = Debug|Any CPU
		{B2E8B8BB-2447-47D0-AEFE-1BBDCCA56DFA}.Release|Any CPU.ActiveCfg = Release|Any CPU
		{B2E8B8BB-2447-47D0-AEFE-1BBDCCA56DFA}.Release|Any CPU.Build.0 = Release|Any CPU
	EndGlobalSection
EndGlobal
