
Microsoft Visual Studio Solution File, Format Version 12.00
Project("{FAE04EC0-301F-11D3-BF4B-00C04F79EFBC}") = "Dushina_CatFramework", "Dushina_CatFramework\Dushina_CatFramework.csproj", "{56ACF452-D039-4F96-86A3-3F0B4A60605F}"
EndProject
Project("{FAE04EC0-301F-11D3-BF4B-00C04F79EFBC}") = "Dushina_CatApplication", "Dushina_CatApplication\Dushina_CatApplication.csproj", "{378DA1FC-5B91-4AAC-B896-52C66051FDE6}"
EndProject
Global
	GlobalSection(SolutionConfigurationPlatforms) = preSolution
		Debug|Any CPU = Debug|Any CPU
		Release|Any CPU = Release|Any CPU
	EndGlobalSection
	GlobalSection(ProjectConfigurationPlatforms) = postSolution
		{56ACF452-D039-4F96-86A3-3F0B4A60605F}.Debug|Any CPU.ActiveCfg = Debug|Any CPU
		{56ACF452-D039-4F96-86A3-3F0B4A60605F}.Debug|Any CPU.Build.0 = Debug|Any CPU
		{56ACF452-D039-4F96-86A3-3F0B4A60605F}.Release|Any CPU.ActiveCfg = Release|Any CPU
		{56ACF452-D039-4F96-86A3-3F0B4A60605F}.Release|Any CPU.Build.0 = Release|Any CPU
		{378DA1FC-5B91-4AAC-B896-52C66051FDE6}.Debug|Any CPU.ActiveCfg = Debug|Any CPU
		{378DA1FC-5B91-4AAC-B896-52C66051FDE6}.Debug|Any CPU.Build.0 = Debug|Any CPU
		{378DA1FC-5B91-4AAC-B896-52C66051FDE6}.Release|Any CPU.ActiveCfg = Release|Any CPU
		{378DA1FC-5B91-4AAC-B896-52C66051FDE6}.Release|Any CPU.Build.0 = Release|Any CPU
	EndGlobalSection
EndGlobal
