
Microsoft Visual Studio Solution File, Format Version 12.00
Project("{FAE04EC0-301F-11D3-BF4B-00C04F79EFBC}") = "FirstTask", "FirstTask\FirstTask.csproj", "{19FD3F43-6F4D-491F-846B-28308321E48D}"
EndProject
Project("{FAE04EC0-301F-11D3-BF4B-00C04F79EFBC}") = "SecondTask", "SecondTask\SecondTask.csproj", "{73487E46-4B43-4303-8546-481B9D462395}"
EndProject
Project("{FAE04EC0-301F-11D3-BF4B-00C04F79EFBC}") = "ThirdTask", "ThirdTask\ThirdTask.csproj", "{8C92AF6E-96DA-4A31-AF90-0CBA262D36D2}"
EndProject
Global
	GlobalSection(SolutionConfigurationPlatforms) = preSolution
		Debug|Any CPU = Debug|Any CPU
		Release|Any CPU = Release|Any CPU
	EndGlobalSection
	GlobalSection(ProjectConfigurationPlatforms) = postSolution
		{19FD3F43-6F4D-491F-846B-28308321E48D}.Debug|Any CPU.ActiveCfg = Debug|Any CPU
		{19FD3F43-6F4D-491F-846B-28308321E48D}.Debug|Any CPU.Build.0 = Debug|Any CPU
		{19FD3F43-6F4D-491F-846B-28308321E48D}.Release|Any CPU.ActiveCfg = Release|Any CPU
		{19FD3F43-6F4D-491F-846B-28308321E48D}.Release|Any CPU.Build.0 = Release|Any CPU
		{73487E46-4B43-4303-8546-481B9D462395}.Debug|Any CPU.ActiveCfg = Debug|Any CPU
		{73487E46-4B43-4303-8546-481B9D462395}.Debug|Any CPU.Build.0 = Debug|Any CPU
		{73487E46-4B43-4303-8546-481B9D462395}.Release|Any CPU.ActiveCfg = Release|Any CPU
		{73487E46-4B43-4303-8546-481B9D462395}.Release|Any CPU.Build.0 = Release|Any CPU
		{8C92AF6E-96DA-4A31-AF90-0CBA262D36D2}.Debug|Any CPU.ActiveCfg = Debug|Any CPU
		{8C92AF6E-96DA-4A31-AF90-0CBA262D36D2}.Debug|Any CPU.Build.0 = Debug|Any CPU
		{8C92AF6E-96DA-4A31-AF90-0CBA262D36D2}.Release|Any CPU.ActiveCfg = Release|Any CPU
		{8C92AF6E-96DA-4A31-AF90-0CBA262D36D2}.Release|Any CPU.Build.0 = Release|Any CPU
	EndGlobalSection
EndGlobal
